// !$*UTF8*$!
{
	archiveVersion = 1;
	classes = {
	};
	objectVersion = 50;
	objects = {

/* Begin PBXBuildFile section */
		E89E89672293E3A100DEFE41 /* AppDelegate.swift in Sources */ = {isa = PBXBuildFile; fileRef = E89E89662293E3A100DEFE41 /* AppDelegate.swift */; };
		E89E89692293E3A100DEFE41 /* ViewController.swift in Sources */ = {isa = PBXBuildFile; fileRef = E89E89682293E3A100DEFE41 /* ViewController.swift */; };
		E89E896C2293E3A100DEFE41 /* Main.storyboard in Resources */ = {isa = PBXBuildFile; fileRef = E89E896A2293E3A100DEFE41 /* Main.storyboard */; };
		E89E896F2293E3A100DEFE41 /* TableViewIndexed.xcdatamodeld in Sources */ = {isa = PBXBuildFile; fileRef = E89E896D2293E3A100DEFE41 /* TableViewIndexed.xcdatamodeld */; };
		E89E89712293E3A800DEFE41 /* Assets.xcassets in Resources */ = {isa = PBXBuildFile; fileRef = E89E89702293E3A800DEFE41 /* Assets.xcassets */; };
		E89E89742293E3A800DEFE41 /* LaunchScreen.storyboard in Resources */ = {isa = PBXBuildFile; fileRef = E89E89722293E3A800DEFE41 /* LaunchScreen.storyboard */; };
/* End PBXBuildFile section */

/* Begin PBXFileReference section */
		E89E89632293E3A100DEFE41 /* TableViewIndexed.app */ = {isa = PBXFileReference; explicitFileType = wrapper.application; includeInIndex = 0; path = TableViewIndexed.app; sourceTree = BUILT_PRODUCTS_DIR; };
		E89E89662293E3A100DEFE41 /* AppDelegate.swift */ = {isa = PBXFileReference; lastKnownFileType = sourcecode.swift; path = AppDelegate.swift; sourceTree = "<group>"; };
		E89E89682293E3A100DEFE41 /* ViewController.swift */ = {isa = PBXFileReference; lastKnownFileType = sourcecode.swift; path = ViewController.swift; sourceTree = "<group>"; };
		E89E896B2293E3A100DEFE41 /* Base */ = {isa = PBXFileReference; lastKnownFileType = file.storyboard; name = Base; path = Base.lproj/Main.storyboard; sourceTree = "<group>"; };
		E89E896E2293E3A100DEFE41 /* TableViewIndexed.xcdatamodel */ = {isa = PBXFileReference; lastKnownFileType = wrapper.xcdatamodel; path = TableViewIndexed.xcdatamodel; sourceTree = "<group>"; };
		E89E89702293E3A800DEFE41 /* Assets.xcassets */ = {isa = PBXFileReference; lastKnownFileType = folder.assetcatalog; path = Assets.xcassets; sourceTree = "<group>"; };
		E89E89732293E3A800DEFE41 /* Base */ = {isa = PBXFileReference; lastKnownFileType = file.storyboard; name = Base; path = Base.lproj/LaunchScreen.storyboard; sourceTree = "<group>"; };
		E89E89752293E3A800DEFE41 /* Info.plist */ = {isa = PBXFileReference; lastKnownFileType = text.plist.xml; path = Info.plist; sourceTree = "<group>"; };
/* End PBXFileReference section */

/* Begin PBXFrameworksBuildPhase section */
		E89E89602293E3A100DEFE41 /* Frameworks */ = {
			isa = PBXFrameworksBuildPhase;
			buildActionMask = 2147483647;
			files = (
			);
			runOnlyForDeploymentPostprocessing = 0;
		};
/* End PBXFrameworksBuildPhase section */

/* Begin PBXGroup section */
		E89E895A2293E3A100DEFE41 = {
			isa = PBXGroup;
			children = (
				E89E89652293E3A100DEFE41 /* TableViewIndexed */,
				E89E89642293E3A100DEFE41 /* Products */,
			);
			sourceTree = "<group>";
		};
		E89E89642293E3A100DEFE41 /* Products */ = {
			isa = PBXGroup;
			children = (
				E89E89632293E3A100DEFE41 /* TableViewIndexed.app */,
			);
			name = Products;
			sourceTree = "<group>";
		};
		E89E89652293E3A100DEFE41 /* TableViewIndexed */ = {
			isa = PBXGroup;
			children = (
				E89E89662293E3A100DEFE41 /* AppDelegate.swift */,
				E89E89682293E3A100DEFE41 /* ViewController.swift */,
				E89E896A2293E3A100DEFE41 /* Main.storyboard */,
				E89E89702293E3A800DEFE41 /* Assets.xcassets */,
				E89E89722293E3A800DEFE41 /* LaunchScreen.storyboard */,
				E89E89752293E3A800DEFE41 /* Info.plist */,
				E89E896D2293E3A100DEFE41 /* TableViewIndexed.xcdatamodeld */,
			);
			path = TableViewIndexed;
			sourceTree = "<group>";
		};
/* End PBXGroup section */

/* Begin PBXNativeTarget section */
		E89E89622293E3A100DEFE41 /* TableViewIndexed */ = {
			isa = PBXNativeTarget;
			buildConfigurationList = E89E89782293E3A800DEFE41 /* Build configuration list for PBXNativeTarget "TableViewIndexed" */;
			buildPhases = (
				E89E895F2293E3A100DEFE41 /* Sources */,
				E89E89602293E3A100DEFE41 /* Frameworks */,
				E89E89612293E3A100DEFE41 /* Resources */,
			);
			buildRules = (
			);
			dependencies = (
			);
			name = TableViewIndexed;
			productName = TableViewIndexed;
			productReference = E89E89632293E3A100DEFE41 /* TableViewIndexed.app */;
			productType = "com.apple.product-type.application";
		};
/* End PBXNativeTarget section */

/* Begin PBXProject section */
		E89E895B2293E3A100DEFE41 /* Project object */ = {
			isa = PBXProject;
			attributes = {
				LastSwiftUpdateCheck = 0940;
				LastUpgradeCheck = 0940;
				ORGANIZATIONNAME = Book;
				TargetAttributes = {
					E89E89622293E3A100DEFE41 = {
						CreatedOnToolsVersion = 9.4.1;
					};
				};
			};
			buildConfigurationList = E89E895E2293E3A100DEFE41 /* Build configuration list for PBXProject "TableViewIndexed" */;
			compatibilityVersion = "Xcode 9.3";
			developmentRegion = en;
			hasScannedForEncodings = 0;
			knownRegions = (
				en,
				Base,
			);
			mainGroup = E89E895A2293E3A100DEFE41;
			productRefGroup = E89E89642293E3A100DEFE41 /* Products */;
			projectDirPath = "";
			projectRoot = "";
			targets = (
				E89E89622293E3A100DEFE41 /* TableViewIndexed */,
			);
		};
/* End PBXProject section */

/* Begin PBXResourcesBuildPhase section */
		E89E89612293E3A100DEFE41 /* Resources */ = {
			isa = PBXResourcesBuildPhase;
			buildActionMask = 2147483647;
			files = (
				E89E89742293E3A800DEFE41 /* LaunchScreen.storyboard in Resources */,
				E89E89712293E3A800DEFE41 /* Assets.xcassets in Resources */,
				E89E896C2293E3A100DEFE41 /* Main.storyboard in Resources */,
			);
			runOnlyForDeploymentPostprocessing = 0;
		};
/* End PBXResourcesBuildPhase section */

/* Begin PBXSourcesBuildPhase section */
		E89E895F2293E3A100DEFE41 /* Sources */ = {
			isa = PBXSourcesBuildPhase;
			buildActionMask = 2147483647;
			files = (
				E89E89692293E3A100DEFE41 /* ViewController.swift in Sources */,
				E89E89672293E3A100DEFE41 /* AppDelegate.swift in Sources */,
				E89E896F2293E3A100DEFE41 /* TableViewIndexed.xcdatamodeld in Sources */,
			);
			runOnlyForDeploymentPostprocessing = 0;
		};
/* End PBXSourcesBuildPhase section */

/* Begin PBXVariantGroup section */
		E89E896A2293E3A100DEFE41 /* Main.storyboard */ = {
			isa = PBXVariantGroup;
			children = (
				E89E896B2293E3A100DEFE41 /* Base */,
			);
			name = Main.storyboard;
			sourceTree = "<group>";
		};
		E89E89722293E3A800DEFE41 /* LaunchScreen.storyboard */ = {
			isa = PBXVariantGroup;
			children = (
				E89E89732293E3A800DEFE41 /* Base */,
			);
			name = LaunchScreen.storyboard;
			sourceTree = "<group>";
		};
/* End PBXVariantGroup section */

/* Begin XCBuildConfiguration section */
		E89E89762293E3A800DEFE41 /* Debug */ = {
			isa = XCBuildConfiguration;
			buildSettings = {
				ALWAYS_SEARCH_USER_PATHS = NO;
				CLANG_ANALYZER_NONNULL = YES;
				CLANG_ANALYZER_NUMBER_OBJECT_CONVERSION = YES_AGGRESSIVE;
				CLANG_CXX_LANGUAGE_STANDARD = "gnu++14";
				CLANG_CXX_LIBRARY = "libc++";
				CLANG_ENABLE_MODULES = YES;
				CLANG_ENABLE_OBJC_ARC = YES;
				CLANG_ENABLE_OBJC_WEAK = YES;
				CLANG_WARN_BLOCK_CAPTURE_AUTORELEASING = YES;
				CLANG_WARN_BOOL_CONVERSION = YES;
				CLANG_WARN_COMMA = YES;
				CLANG_WARN_CONSTANT_CONVERSION = YES;
				CLANG_WARN_DEPRECATED_OBJC_IMPLEMENTATIONS = YES;
				CLANG_WARN_DIRECT_OBJC_ISA_USAGE = YES_ERROR;
				CLANG_WARN_DOCUMENTATION_COMMENTS = YES;
				CLANG_WARN_EMPTY_BODY = YES;
				CLANG_WARN_ENUM_CONVERSION = YES;
				CLANG_WARN_INFINITE_RECURSION = YES;
				CLANG_WARN_INT_CONVERSION = YES;
				CLANG_WARN_NON_LITERAL_NULL_CONVERSION = YES;
				CLANG_WARN_OBJC_IMPLICIT_RETAIN_SELF = YES;
				CLANG_WARN_OBJC_LITERAL_CONVERSION = YES;
				CLANG_WARN_OBJC_ROOT_CLASS = YES_ERROR;
				CLANG_WARN_RANGE_LOOP_ANALYSIS = YES;
				CLANG_WARN_STRICT_PROTOTYPES = YES;
				CLANG_WARN_SUSPICIOUS_MOVE = YES;
				CLANG_WARN_UNGUARDED_AVAILABILITY = YES_AGGRESSIVE;
				CLANG_WARN_UNREACHABLE_CODE = YES;
				CLANG_WARN__DUPLICATE_METHOD_MATCH = YES;
				CODE_SIGN_IDENTITY = "iPhone Developer";
				COPY_PHASE_STRIP = NO;
				DEBUG_INFORMATION_FORMAT = dwarf;
				ENABLE_STRICT_OBJC_MSGSEND = YES;
				ENABLE_TESTABILITY = YES;
				GCC_C_LANGUAGE_STANDARD = gnu11;
				GCC_DYNAMIC_NO_PIC = NO;
				GCC_NO_COMMON_BLOCKS = YES;
				GCC_OPTIMIZATION_LEVEL = 0;
				GCC_PREPROCESSOR_DEFINITIONS = (
					"DEBUG=1",
					"$(inherited)",
				);
				GCC_WARN_64_TO_32_BIT_CONVERSION = YES;
				GCC_WARN_ABOUT_RETURN_TYPE = YES_ERROR;
				GCC_WARN_UNDECLARED_SELECTOR = YES;
				GCC_WARN_UNINITIALIZED_AUTOS = YES_AGGRESSIVE;
				GCC_WARN_UNUSED_FUNCTION = YES;
				GCC_WARN_UNUSED_VARIABLE = YES;
				IPHONEOS_DEPLOYMENT_TARGET = 11.4;
				MTL_ENABLE_DEBUG_INFO = YES;
				ONLY_ACTIVE_ARCH = YES;
				SDKROOT = iphoneos;
				SWIFT_ACTIVE_COMPILATION_CONDITIONS = DEBUG;
				SWIFT_OPTIMIZATION_LEVEL = "-Onone";
			};
			name = Debug;
		};
		E89E89772293E3A800DEFE41 /* Release */ = {
			isa = XCBuildConfiguration;
			buildSettings = {
				ALWAYS_SEARCH_USER_PATHS = NO;
				CLANG_ANALYZER_NONNULL = YES;
				CLANG_ANALYZER_NUMBER_OBJECT_CONVERSION = YES_AGGRESSIVE;
				CLANG_CXX_LANGUAGE_STANDARD = "gnu++14";
				CLANG_CXX_LIBRARY = "libc++";
				CLANG_ENABLE_MODULES = YES;
				CLANG_ENABLE_OBJC_ARC = YES;
				CLANG_ENABLE_OBJC_WEAK = YES;
				CLANG_WARN_BLOCK_CAPTURE_AUTORELEASING = YES;
				CLANG_WARN_BOOL_CONVERSION = YES;
				CLANG_WARN_COMMA = YES;
				CLANG_WARN_CONSTANT_CONVERSION = YES;
				CLANG_WARN_DEPRECATED_OBJC_IMPLEMENTATIONS = YES;
				CLANG_WARN_DIRECT_OBJC_ISA_USAGE = YES_ERROR;
				CLANG_WARN_DOCUMENTATION_COMMENTS = YES;
				CLANG_WARN_EMPTY_BODY = YES;
				CLANG_WARN_ENUM_CONVERSION = YES;
				CLANG_WARN_INFINITE_RECURSION = YES;
				CLANG_WARN_INT_CONVERSION = YES;
				CLANG_WARN_NON_LITERAL_NULL_CONVERSION = YES;
				CLANG_WARN_OBJC_IMPLICIT_RETAIN_SELF = YES;
				CLANG_WARN_OBJC_LITERAL_CONVERSION = YES;
				CLANG_WARN_OBJC_ROOT_CLASS = YES_ERROR;
				CLANG_WARN_RANGE_LOOP_ANALYSIS = YES;
				CLANG_WARN_STRICT_PROTOTYPES = YES;
				CLANG_WARN_SUSPICIOUS_MOVE = YES;
				CLANG_WARN_UNGUARDED_AVAILABILITY = YES_AGGRESSIVE;
				CLANG_WARN_UNREACHABLE_CODE = YES;
				CLANG_WARN__DUPLICATE_METHOD_MATCH = YES;
				CODE_SIGN_IDENTITY = "iPhone Developer";
				COPY_PHASE_STRIP = NO;
				DEBUG_INFORMATION_FORMAT = "dwarf-with-dsym";
				ENABLE_NS_ASSERTIONS = NO;
				ENABLE_STRICT_OBJC_MSGSEND = YES;
				GCC_C_LANGUAGE_STANDARD = gnu11;
				GCC_NO_COMMON_BLOCKS = YES;
				GCC_WARN_64_TO_32_BIT_CONVERSION = YES;
				GCC_WARN_ABOUT_RETURN_TYPE = YES_ERROR;
				GCC_WARN_UNDECLARED_SELECTOR = YES;
				GCC_WARN_UNINITIALIZED_AUTOS = YES_AGGRESSIVE;
				GCC_WARN_UNUSED_FUNCTION = YES;
				GCC_WARN_UNUSED_VARIABLE = YES;
				IPHONEOS_DEPLOYMENT_TARGET = 11.4;
				MTL_ENABLE_DEBUG_INFO = NO;
				SDKROOT = iphoneos;
				SWIFT_COMPILATION_MODE = wholemodule;
				SWIFT_OPTIMIZATION_LEVEL = "-O";
				VALIDATE_PRODUCT = YES;
			};
			name = Release;
		};
		E89E89792293E3A800DEFE41 /* Debug */ = {
			isa = XCBuildConfiguration;
			buildSettings = {
				ASSETCATALOG_COMPILER_APPICON_NAME = AppIcon;
				CODE_SIGN_STYLE = Automatic;
				INFOPLIST_FILE = TableViewIndexed/Info.plist;
				LD_RUNPATH_SEARCH_PATHS = (
					"$(inherited)",
					"@executable_path/Frameworks",
				);
				PRODUCT_BUNDLE_IDENTIFIER = com.Book.TableViewIndexed;
				PRODUCT_NAME = "$(TARGET_NAME)";
				SWIFT_VERSION = 4.0;
				TARGETED_DEVICE_FAMILY = "1,2";
			};
			name = Debug;
		};
		E89E897A2293E3A800DEFE41 /* Release */ = {
			isa = XCBuildConfiguration;
			buildSettings = {
				ASSETCATALOG_COMPILER_APPICON_NAME = AppIcon;
				CODE_SIGN_STYLE = Automatic;
				INFOPLIST_FILE = TableViewIndexed/Info.plist;
				LD_RUNPATH_SEARCH_PATHS = (
					"$(inherited)",
					"@executable_path/Frameworks",
				);
				PRODUCT_BUNDLE_IDENTIFIER = com.Book.TableViewIndexed;
				PRODUCT_NAME = "$(TARGET_NAME)";
				SWIFT_VERSION = 4.0;
				TARGETED_DEVICE_FAMILY = "1,2";
			};
			name = Release;
		};
/* End XCBuildConfiguration section */

/* Begin XCConfigurationList section */
		E89E895E2293E3A100DEFE41 /* Build configuration list for PBXProject "TableViewIndexed" */ = {
			isa = XCConfigurationList;
			buildConfigurations = (
				E89E89762293E3A800DEFE41 /* Debug */,
				E89E89772293E3A800DEFE41 /* Release */,
			);
			defaultConfigurationIsVisible = 0;
			defaultConfigurationName = Release;
		};
		E89E89782293E3A800DEFE41 /* Build configuration list for PBXNativeTarget "TableViewIndexed" */ = {
			isa = XCConfigurationList;
			buildConfigurations = (
				E89E89792293E3A800DEFE41 /* Debug */,
				E89E897A2293E3A800DEFE41 /* Release */,
			);
			defaultConfigurationIsVisible = 0;
			defaultConfigurationName = Release;
		};
/* End XCConfigurationList section */

/* Begin XCVersionGroup section */
		E89E896D2293E3A100DEFE41 /* TableViewIndexed.xcdatamodeld */ = {
			isa = XCVersionGroup;
			children = (
				E89E896E2293E3A100DEFE41 /* TableViewIndexed.xcdatamodel */,
			);
			currentVersion = E89E896E2293E3A100DEFE41 /* TableViewIndexed.xcdatamodel */;
			path = TableViewIndexed.xcdatamodeld;
			sourceTree = "<group>";
			versionGroupType = wrapper.xcdatamodel;
		};
/* End XCVersionGroup section */
	};
	rootObject = E89E895B2293E3A100DEFE41 /* Project object */;
}
